
Microsoft Visual Studio Solution File, Format Version 12.00
# Visual Studio 2012
Project("{FAE04EC0-301F-11D3-BF4B-00C04F79EFBC}") = "Novanet.CQRS.DomainEvents", "Novanet.CQRS.DomainEvents\Novanet.CQRS.DomainEvents.csproj", "{2E0FC363-F000-472F-88CD-22504037258E}"
EndProject
Project("{FAE04EC0-301F-11D3-BF4B-00C04F79EFBC}") = "TestApp", "TestApp\TestApp.csproj", "{A36A6A50-2ED6-467C-A0C8-6ECC63D4BC55}"
EndProject
Project("{FAE04EC0-301F-11D3-BF4B-00C04F79EFBC}") = "Novanet.CQRS.Ninject", "Novanet.CQRS.Ninject\Novanet.CQRS.Ninject.csproj", "{9DABFADF-D0F0-44C3-A95C-8AEE49986BED}"
EndProject
Project("{FAE04EC0-301F-11D3-BF4B-00C04F79EFBC}") = "Novanet.CQRS.Commands", "Novanet.CQRS.Commands\Novanet.CQRS.Commands.csproj", "{1382C8FE-2147-42F8-A320-A211C8FB7EEC}"
EndProject
Project("{FAE04EC0-301F-11D3-BF4B-00C04F79EFBC}") = "Novanet.CQRS.Core", "Novanet.CQRS.Core\Novanet.CQRS.Core.csproj", "{F66F1623-AE22-45FD-9615-77D53AB243CB}"
EndProject
Project("{FAE04EC0-301F-11D3-BF4B-00C04F79EFBC}") = "Novanet.CQRS.Autofac", "Novanet.CQRS.Autofac\Novanet.CQRS.Autofac.csproj", "{DFB9D61D-FC56-4222-9EAE-9C84E5FAA8E9}"
EndProject
Project("{FAE04EC0-301F-11D3-BF4B-00C04F79EFBC}") = "Novanet.CQRS.AutofacTests", "Novanet.CQRS.AutofacTests\Novanet.CQRS.AutofacTests.csproj", "{B20FE656-56CC-49AD-AC4A-F58239373C04}"
EndProject
Project("{2150E333-8FDC-42A3-9474-1A3956D46DE8}") = ".nuget", ".nuget", "{C242C3A6-76BA-4B14-855F-E8C7505F5F3B}"
	ProjectSection(SolutionItems) = preProject
		.nuget\NuGet.Config = .nuget\NuGet.Config
		.nuget\NuGet.exe = .nuget\NuGet.exe
		.nuget\NuGet.targets = .nuget\NuGet.targets
	EndProjectSection
EndProject
Project("{2150E333-8FDC-42A3-9474-1A3956D46DE8}") = "Tests", "Tests", "{DFE4DCC7-59E8-4885-A447-4F294B10D5E1}"
EndProject
Project("{2150E333-8FDC-42A3-9474-1A3956D46DE8}") = "Nuget", "Nuget", "{45EC1A72-C979-4815-A0C5-39E17643E27C}"
EndProject
Project("{FAE04EC0-301F-11D3-BF4B-00C04F79EFBC}") = "Novanet.CQRS.Core.Package", "Novanet.CQRS.Core.Package\Novanet.CQRS.Core.Package.csproj", "{0451BAEF-DF2E-4B98-8644-94EE9415E389}"
EndProject
Project("{FAE04EC0-301F-11D3-BF4B-00C04F79EFBC}") = "Novanet.CQRS.Commands.Package", "Novanet.CQRS.Commands.Package\Novanet.CQRS.Commands.Package.csproj", "{275421B1-B321-401E-9350-4FE6AF6A7D8A}"
EndProject
Project("{FAE04EC0-301F-11D3-BF4B-00C04F79EFBC}") = "Novanet.CQRS.DomainEvents.Package", "Novanet.CQRS.DomainEvents.Package\Novanet.CQRS.DomainEvents.Package.csproj", "{D2E3314C-C6E8-40B3-9D86-34F0297B2E0A}"
EndProject
Project("{FAE04EC0-301F-11D3-BF4B-00C04F79EFBC}") = "Novanet.CQRS.Ninject.Package", "Novanet.CQRS.Ninject.Package\Novanet.CQRS.Ninject.Package.csproj", "{BFED1E4D-069F-48A8-80CC-21EED7A52256}"
EndProject
Project("{FAE04EC0-301F-11D3-BF4B-00C04F79EFBC}") = "Novanet.CQRS.Autofac.Package", "Novanet.CQRS.Autofac.Package\Novanet.CQRS.Autofac.Package.csproj", "{1C9C6B49-8EBA-413C-9750-BCC4F0DF35B9}"
EndProject
Project("{FAE04EC0-301F-11D3-BF4B-00C04F79EFBC}") = "Novanet.CQRS.Package", "Novanet.CQRS.Package\Novanet.CQRS.Package.csproj", "{3FDBBBD0-698E-4AF6-97E3-34A3AE4450AC}"
EndProject
Global
	GlobalSection(SolutionConfigurationPlatforms) = preSolution
		Debug|Any CPU = Debug|Any CPU
		Debug|Mixed Platforms = Debug|Mixed Platforms
		Debug|x86 = Debug|x86
		Release|Any CPU = Release|Any CPU
		Release|Mixed Platforms = Release|Mixed Platforms
		Release|x86 = Release|x86
	EndGlobalSection
	GlobalSection(ProjectConfigurationPlatforms) = postSolution
		{2E0FC363-F000-472F-88CD-22504037258E}.Debug|Any CPU.ActiveCfg = Debug|Any CPU
		{2E0FC363-F000-472F-88CD-22504037258E}.Debug|Any CPU.Build.0 = Debug|Any CPU
		{2E0FC363-F000-472F-88CD-22504037258E}.Debug|Mixed Platforms.ActiveCfg = Debug|Any CPU
		{2E0FC363-F000-472F-88CD-22504037258E}.Debug|Mixed Platforms.Build.0 = Debug|Any CPU
		{2E0FC363-F000-472F-88CD-22504037258E}.Debug|x86.ActiveCfg = Debug|Any CPU
		{2E0FC363-F000-472F-88CD-22504037258E}.Release|Any CPU.ActiveCfg = Release|Any CPU
		{2E0FC363-F000-472F-88CD-22504037258E}.Release|Any CPU.Build.0 = Release|Any CPU
		{2E0FC363-F000-472F-88CD-22504037258E}.Release|Mixed Platforms.ActiveCfg = Release|Any CPU
		{2E0FC363-F000-472F-88CD-22504037258E}.Release|Mixed Platforms.Build.0 = Release|Any CPU
		{2E0FC363-F000-472F-88CD-22504037258E}.Release|x86.ActiveCfg = Release|Any CPU
		{A36A6A50-2ED6-467C-A0C8-6ECC63D4BC55}.Debug|Any CPU.ActiveCfg = Debug|x86
		{A36A6A50-2ED6-467C-A0C8-6ECC63D4BC55}.Debug|Mixed Platforms.ActiveCfg = Debug|x86
		{A36A6A50-2ED6-467C-A0C8-6ECC63D4BC55}.Debug|Mixed Platforms.Build.0 = Debug|x86
		{A36A6A50-2ED6-467C-A0C8-6ECC63D4BC55}.Debug|x86.ActiveCfg = Debug|x86
		{A36A6A50-2ED6-467C-A0C8-6ECC63D4BC55}.Debug|x86.Build.0 = Debug|x86
		{A36A6A50-2ED6-467C-A0C8-6ECC63D4BC55}.Release|Any CPU.ActiveCfg = Release|x86
		{A36A6A50-2ED6-467C-A0C8-6ECC63D4BC55}.Release|Mixed Platforms.ActiveCfg = Release|x86
		{A36A6A50-2ED6-467C-A0C8-6ECC63D4BC55}.Release|Mixed Platforms.Build.0 = Release|x86
		{A36A6A50-2ED6-467C-A0C8-6ECC63D4BC55}.Release|x86.ActiveCfg = Release|x86
		{A36A6A50-2ED6-467C-A0C8-6ECC63D4BC55}.Release|x86.Build.0 = Release|x86
		{9DABFADF-D0F0-44C3-A95C-8AEE49986BED}.Debug|Any CPU.ActiveCfg = Debug|Any CPU
		{9DABFADF-D0F0-44C3-A95C-8AEE49986BED}.Debug|Any CPU.Build.0 = Debug|Any CPU
		{9DABFADF-D0F0-44C3-A95C-8AEE49986BED}.Debug|Mixed Platforms.ActiveCfg = Debug|Any CPU
		{9DABFADF-D0F0-44C3-A95C-8AEE49986BED}.Debug|Mixed Platforms.Build.0 = Debug|Any CPU
		{9DABFADF-D0F0-44C3-A95C-8AEE49986BED}.Debug|x86.ActiveCfg = Debug|Any CPU
		{9DABFADF-D0F0-44C3-A95C-8AEE49986BED}.Release|Any CPU.ActiveCfg = Release|Any CPU
		{9DABFADF-D0F0-44C3-A95C-8AEE49986BED}.Release|Any CPU.Build.0 = Release|Any CPU
		{9DABFADF-D0F0-44C3-A95C-8AEE49986BED}.Release|Mixed Platforms.ActiveCfg = Release|Any CPU
		{9DABFADF-D0F0-44C3-A95C-8AEE49986BED}.Release|Mixed Platforms.Build.0 = Release|Any CPU
		{9DABFADF-D0F0-44C3-A95C-8AEE49986BED}.Release|x86.ActiveCfg = Release|Any CPU
		{1382C8FE-2147-42F8-A320-A211C8FB7EEC}.Debug|Any CPU.ActiveCfg = Debug|Any CPU
		{1382C8FE-2147-42F8-A320-A211C8FB7EEC}.Debug|Any CPU.Build.0 = Debug|Any CPU
		{1382C8FE-2147-42F8-A320-A211C8FB7EEC}.Debug|Mixed Platforms.ActiveCfg = Debug|Any CPU
		{1382C8FE-2147-42F8-A320-A211C8FB7EEC}.Debug|Mixed Platforms.Build.0 = Debug|Any CPU
		{1382C8FE-2147-42F8-A320-A211C8FB7EEC}.Debug|x86.ActiveCfg = Debug|Any CPU
		{1382C8FE-2147-42F8-A320-A211C8FB7EEC}.Release|Any CPU.ActiveCfg = Release|Any CPU
		{1382C8FE-2147-42F8-A320-A211C8FB7EEC}.Release|Any CPU.Build.0 = Release|Any CPU
		{1382C8FE-2147-42F8-A320-A211C8FB7EEC}.Release|Mixed Platforms.ActiveCfg = Release|Any CPU
		{1382C8FE-2147-42F8-A320-A211C8FB7EEC}.Release|Mixed Platforms.Build.0 = Release|Any CPU
		{1382C8FE-2147-42F8-A320-A211C8FB7EEC}.Release|x86.ActiveCfg = Release|Any CPU
		{F66F1623-AE22-45FD-9615-77D53AB243CB}.Debug|Any CPU.ActiveCfg = Debug|Any CPU
		{F66F1623-AE22-45FD-9615-77D53AB243CB}.Debug|Any CPU.Build.0 = Debug|Any CPU
		{F66F1623-AE22-45FD-9615-77D53AB243CB}.Debug|Mixed Platforms.ActiveCfg = Debug|Any CPU
		{F66F1623-AE22-45FD-9615-77D53AB243CB}.Debug|Mixed Platforms.Build.0 = Debug|Any CPU
		{F66F1623-AE22-45FD-9615-77D53AB243CB}.Debug|x86.ActiveCfg = Debug|Any CPU
		{F66F1623-AE22-45FD-9615-77D53AB243CB}.Release|Any CPU.ActiveCfg = Release|Any CPU
		{F66F1623-AE22-45FD-9615-77D53AB243CB}.Release|Any CPU.Build.0 = Release|Any CPU
		{F66F1623-AE22-45FD-9615-77D53AB243CB}.Release|Mixed Platforms.ActiveCfg = Release|Any CPU
		{F66F1623-AE22-45FD-9615-77D53AB243CB}.Release|Mixed Platforms.Build.0 = Release|Any CPU
		{F66F1623-AE22-45FD-9615-77D53AB243CB}.Release|x86.ActiveCfg = Release|Any CPU
		{DFB9D61D-FC56-4222-9EAE-9C84E5FAA8E9}.Debug|Any CPU.ActiveCfg = Debug|Any CPU
		{DFB9D61D-FC56-4222-9EAE-9C84E5FAA8E9}.Debug|Any CPU.Build.0 = Debug|Any CPU
		{DFB9D61D-FC56-4222-9EAE-9C84E5FAA8E9}.Debug|Mixed Platforms.ActiveCfg = Debug|Any CPU
		{DFB9D61D-FC56-4222-9EAE-9C84E5FAA8E9}.Debug|Mixed Platforms.Build.0 = Debug|Any CPU
		{DFB9D61D-FC56-4222-9EAE-9C84E5FAA8E9}.Debug|x86.ActiveCfg = Debug|Any CPU
		{DFB9D61D-FC56-4222-9EAE-9C84E5FAA8E9}.Release|Any CPU.ActiveCfg = Release|Any CPU
		{DFB9D61D-FC56-4222-9EAE-9C84E5FAA8E9}.Release|Any CPU.Build.0 = Release|Any CPU
		{DFB9D61D-FC56-4222-9EAE-9C84E5FAA8E9}.Release|Mixed Platforms.ActiveCfg = Release|Any CPU
		{DFB9D61D-FC56-4222-9EAE-9C84E5FAA8E9}.Release|Mixed Platforms.Build.0 = Release|Any CPU
		{DFB9D61D-FC56-4222-9EAE-9C84E5FAA8E9}.Release|x86.ActiveCfg = Release|Any CPU
		{B20FE656-56CC-49AD-AC4A-F58239373C04}.Debug|Any CPU.ActiveCfg = Debug|Any CPU
		{B20FE656-56CC-49AD-AC4A-F58239373C04}.Debug|Any CPU.Build.0 = Debug|Any CPU
		{B20FE656-56CC-49AD-AC4A-F58239373C04}.Debug|Mixed Platforms.ActiveCfg = Debug|Any CPU
		{B20FE656-56CC-49AD-AC4A-F58239373C04}.Debug|Mixed Platforms.Build.0 = Debug|Any CPU
		{B20FE656-56CC-49AD-AC4A-F58239373C04}.Debug|x86.ActiveCfg = Debug|Any CPU
		{B20FE656-56CC-49AD-AC4A-F58239373C04}.Release|Any CPU.ActiveCfg = Release|Any CPU
		{B20FE656-56CC-49AD-AC4A-F58239373C04}.Release|Any CPU.Build.0 = Release|Any CPU
		{B20FE656-56CC-49AD-AC4A-F58239373C04}.Release|Mixed Platforms.ActiveCfg = Release|Any CPU
		{B20FE656-56CC-49AD-AC4A-F58239373C04}.Release|Mixed Platforms.Build.0 = Release|Any CPU
		{B20FE656-56CC-49AD-AC4A-F58239373C04}.Release|x86.ActiveCfg = Release|Any CPU
		{0451BAEF-DF2E-4B98-8644-94EE9415E389}.Debug|Any CPU.ActiveCfg = Debug|Any CPU
		{0451BAEF-DF2E-4B98-8644-94EE9415E389}.Debug|Any CPU.Build.0 = Debug|Any CPU
		{0451BAEF-DF2E-4B98-8644-94EE9415E389}.Debug|Mixed Platforms.ActiveCfg = Debug|Any CPU
		{0451BAEF-DF2E-4B98-8644-94EE9415E389}.Debug|Mixed Platforms.Build.0 = Debug|Any CPU
		{0451BAEF-DF2E-4B98-8644-94EE9415E389}.Debug|x86.ActiveCfg = Debug|Any CPU
		{0451BAEF-DF2E-4B98-8644-94EE9415E389}.Release|Any CPU.ActiveCfg = Release|Any CPU
		{0451BAEF-DF2E-4B98-8644-94EE9415E389}.Release|Any CPU.Build.0 = Release|Any CPU
		{0451BAEF-DF2E-4B98-8644-94EE9415E389}.Release|Mixed Platforms.ActiveCfg = Release|Any CPU
		{0451BAEF-DF2E-4B98-8644-94EE9415E389}.Release|Mixed Platforms.Build.0 = Release|Any CPU
		{0451BAEF-DF2E-4B98-8644-94EE9415E389}.Release|x86.ActiveCfg = Release|Any CPU
		{275421B1-B321-401E-9350-4FE6AF6A7D8A}.Debug|Any CPU.ActiveCfg = Debug|Any CPU
		{275421B1-B321-401E-9350-4FE6AF6A7D8A}.Debug|Any CPU.Build.0 = Debug|Any CPU
		{275421B1-B321-401E-9350-4FE6AF6A7D8A}.Debug|Mixed Platforms.ActiveCfg = Debug|Any CPU
		{275421B1-B321-401E-9350-4FE6AF6A7D8A}.Debug|Mixed Platforms.Build.0 = Debug|Any CPU
		{275421B1-B321-401E-9350-4FE6AF6A7D8A}.Debug|x86.ActiveCfg = Debug|Any CPU
		{275421B1-B321-401E-9350-4FE6AF6A7D8A}.Release|Any CPU.ActiveCfg = Release|Any CPU
		{275421B1-B321-401E-9350-4FE6AF6A7D8A}.Release|Any CPU.Build.0 = Release|Any CPU
		{275421B1-B321-401E-9350-4FE6AF6A7D8A}.Release|Mixed Platforms.ActiveCfg = Release|Any CPU
		{275421B1-B321-401E-9350-4FE6AF6A7D8A}.Release|Mixed Platforms.Build.0 = Release|Any CPU
		{275421B1-B321-401E-9350-4FE6AF6A7D8A}.Release|x86.ActiveCfg = Release|Any CPU
		{D2E3314C-C6E8-40B3-9D86-34F0297B2E0A}.Debug|Any CPU.ActiveCfg = Debug|Any CPU
		{D2E3314C-C6E8-40B3-9D86-34F0297B2E0A}.Debug|Any CPU.Build.0 = Debug|Any CPU
		{D2E3314C-C6E8-40B3-9D86-34F0297B2E0A}.Debug|Mixed Platforms.ActiveCfg = Debug|Any CPU
		{D2E3314C-C6E8-40B3-9D86-34F0297B2E0A}.Debug|Mixed Platforms.Build.0 = Debug|Any CPU
		{D2E3314C-C6E8-40B3-9D86-34F0297B2E0A}.Debug|x86.ActiveCfg = Debug|Any CPU
		{D2E3314C-C6E8-40B3-9D86-34F0297B2E0A}.Release|Any CPU.ActiveCfg = Release|Any CPU
		{D2E3314C-C6E8-40B3-9D86-34F0297B2E0A}.Release|Any CPU.Build.0 = Release|Any CPU
		{D2E3314C-C6E8-40B3-9D86-34F0297B2E0A}.Release|Mixed Platforms.ActiveCfg = Release|Any CPU
		{D2E3314C-C6E8-40B3-9D86-34F0297B2E0A}.Release|Mixed Platforms.Build.0 = Release|Any CPU
		{D2E3314C-C6E8-40B3-9D86-34F0297B2E0A}.Release|x86.ActiveCfg = Release|Any CPU
		{BFED1E4D-069F-48A8-80CC-21EED7A52256}.Debug|Any CPU.ActiveCfg = Debug|Any CPU
		{BFED1E4D-069F-48A8-80CC-21EED7A52256}.Debug|Any CPU.Build.0 = Debug|Any CPU
		{BFED1E4D-069F-48A8-80CC-21EED7A52256}.Debug|Mixed Platforms.ActiveCfg = Debug|Any CPU
		{BFED1E4D-069F-48A8-80CC-21EED7A52256}.Debug|Mixed Platforms.Build.0 = Debug|Any CPU
		{BFED1E4D-069F-48A8-80CC-21EED7A52256}.Debug|x86.ActiveCfg = Debug|Any CPU
		{BFED1E4D-069F-48A8-80CC-21EED7A52256}.Release|Any CPU.ActiveCfg = Release|Any CPU
		{BFED1E4D-069F-48A8-80CC-21EED7A52256}.Release|Any CPU.Build.0 = Release|Any CPU
		{BFED1E4D-069F-48A8-80CC-21EED7A52256}.Release|Mixed Platforms.ActiveCfg = Release|Any CPU
		{BFED1E4D-069F-48A8-80CC-21EED7A52256}.Release|Mixed Platforms.Build.0 = Release|Any CPU
		{BFED1E4D-069F-48A8-80CC-21EED7A52256}.Release|x86.ActiveCfg = Release|Any CPU
		{1C9C6B49-8EBA-413C-9750-BCC4F0DF35B9}.Debug|Any CPU.ActiveCfg = Debug|Any CPU
		{1C9C6B49-8EBA-413C-9750-BCC4F0DF35B9}.Debug|Any CPU.Build.0 = Debug|Any CPU
		{1C9C6B49-8EBA-413C-9750-BCC4F0DF35B9}.Debug|Mixed Platforms.ActiveCfg = Debug|Any CPU
		{1C9C6B49-8EBA-413C-9750-BCC4F0DF35B9}.Debug|Mixed Platforms.Build.0 = Debug|Any CPU
		{1C9C6B49-8EBA-413C-9750-BCC4F0DF35B9}.Debug|x86.ActiveCfg = Debug|Any CPU
		{1C9C6B49-8EBA-413C-9750-BCC4F0DF35B9}.Release|Any CPU.ActiveCfg = Release|Any CPU
		{1C9C6B49-8EBA-413C-9750-BCC4F0DF35B9}.Release|Any CPU.Build.0 = Release|Any CPU
		{1C9C6B49-8EBA-413C-9750-BCC4F0DF35B9}.Release|Mixed Platforms.ActiveCfg = Release|Any CPU
		{1C9C6B49-8EBA-413C-9750-BCC4F0DF35B9}.Release|Mixed Platforms.Build.0 = Release|Any CPU
		{1C9C6B49-8EBA-413C-9750-BCC4F0DF35B9}.Release|x86.ActiveCfg = Release|Any CPU
		{3FDBBBD0-698E-4AF6-97E3-34A3AE4450AC}.Debug|Any CPU.ActiveCfg = Debug|Any CPU
		{3FDBBBD0-698E-4AF6-97E3-34A3AE4450AC}.Debug|Any CPU.Build.0 = Debug|Any CPU
		{3FDBBBD0-698E-4AF6-97E3-34A3AE4450AC}.Debug|Mixed Platforms.ActiveCfg = Debug|Any CPU
		{3FDBBBD0-698E-4AF6-97E3-34A3AE4450AC}.Debug|Mixed Platforms.Build.0 = Debug|Any CPU
		{3FDBBBD0-698E-4AF6-97E3-34A3AE4450AC}.Debug|x86.ActiveCfg = Debug|Any CPU
		{3FDBBBD0-698E-4AF6-97E3-34A3AE4450AC}.Release|Any CPU.ActiveCfg = Release|Any CPU
		{3FDBBBD0-698E-4AF6-97E3-34A3AE4450AC}.Release|Any CPU.Build.0 = Release|Any CPU
		{3FDBBBD0-698E-4AF6-97E3-34A3AE4450AC}.Release|Mixed Platforms.ActiveCfg = Release|Any CPU
		{3FDBBBD0-698E-4AF6-97E3-34A3AE4450AC}.Release|Mixed Platforms.Build.0 = Release|Any CPU
		{3FDBBBD0-698E-4AF6-97E3-34A3AE4450AC}.Release|x86.ActiveCfg = Release|Any CPU
	EndGlobalSection
	GlobalSection(SolutionProperties) = preSolution
		HideSolutionNode = FALSE
	EndGlobalSection
	GlobalSection(NestedProjects) = preSolution
		{B20FE656-56CC-49AD-AC4A-F58239373C04} = {DFE4DCC7-59E8-4885-A447-4F294B10D5E1}
		{0451BAEF-DF2E-4B98-8644-94EE9415E389} = {45EC1A72-C979-4815-A0C5-39E17643E27C}
		{275421B1-B321-401E-9350-4FE6AF6A7D8A} = {45EC1A72-C979-4815-A0C5-39E17643E27C}
		{D2E3314C-C6E8-40B3-9D86-34F0297B2E0A} = {45EC1A72-C979-4815-A0C5-39E17643E27C}
		{BFED1E4D-069F-48A8-80CC-21EED7A52256} = {45EC1A72-C979-4815-A0C5-39E17643E27C}
		{1C9C6B49-8EBA-413C-9750-BCC4F0DF35B9} = {45EC1A72-C979-4815-A0C5-39E17643E27C}
		{3FDBBBD0-698E-4AF6-97E3-34A3AE4450AC} = {45EC1A72-C979-4815-A0C5-39E17643E27C}
	EndGlobalSection
EndGlobal
